
Microsoft Visual Studio Solution File, Format Version 12.00
# Visual Studio Version 16
VisualStudioVersion = 16.0.31605.320
MinimumVisualStudioVersion = 10.0.40219.1
Project("{FAE04EC0-301F-11D3-BF4B-00C04F79EFBC}") = "TP5_CallCenter_Sepulveda_Varela", "TP5_CallCenter_Sepulveda_Varela.csproj", "{2779E013-8B27-4C47-9082-025ECABA05DC}"
EndProject
Project("{FAE04EC0-301F-11D3-BF4B-00C04F79EFBC}") = "Servicios", "..\Servicios\Servicios.csproj", "{96E752CB-1BF9-4460-944C-D9FB437A2843}"
EndProject
Global
	GlobalSection(SolutionConfigurationPlatforms) = preSolution
		Debug|Any CPU = Debug|Any CPU
		Release|Any CPU = Release|Any CPU
	EndGlobalSection
	GlobalSection(ProjectConfigurationPlatforms) = postSolution
		{2779E013-8B27-4C47-9082-025ECABA05DC}.Debug|Any CPU.ActiveCfg = Debug|Any CPU
		{2779E013-8B27-4C47-9082-025ECABA05DC}.Debug|Any CPU.Build.0 = Debug|Any CPU
		{2779E013-8B27-4C47-9082-025ECABA05DC}.Release|Any CPU.ActiveCfg = Release|Any CPU
		{2779E013-8B27-4C47-9082-025ECABA05DC}.Release|Any CPU.Build.0 = Release|Any CPU
		{96E752CB-1BF9-4460-944C-D9FB437A2843}.Debug|Any CPU.ActiveCfg = Debug|Any CPU
		{96E752CB-1BF9-4460-944C-D9FB437A2843}.Debug|Any CPU.Build.0 = Debug|Any CPU
		{96E752CB-1BF9-4460-944C-D9FB437A2843}.Release|Any CPU.ActiveCfg = Release|Any CPU
		{96E752CB-1BF9-4460-944C-D9FB437A2843}.Release|Any CPU.Build.0 = Release|Any CPU
	EndGlobalSection
	GlobalSection(SolutionProperties) = preSolution
		HideSolutionNode = FALSE
	EndGlobalSection
	GlobalSection(ExtensibilityGlobals) = postSolution
		SolutionGuid = {A550C5E5-11BC-4E38-A0D6-7C34232231C5}
	EndGlobalSection
EndGlobal
